
Microsoft Visual Studio Solution File, Format Version 12.00
# Visual Studio Version 16
Project("{FAE04EC0-301F-11D3-BF4B-00C04F79EFBC}") = "HubApi", "HubApi\HubApi.csproj", "{C4226565-6FD8-4E78-9194-870A03F830F4}"
EndProject
Project("{FAE04EC0-301F-11D3-BF4B-00C04F79EFBC}") = "CommonData", "CommonData\CommonData.csproj", "{8027480C-86DC-4629-9E09-5E6C36D8E626}"
EndProject
Global
	GlobalSection(SolutionConfigurationPlatforms) = preSolution
		Debug|Any CPU = Debug|Any CPU
		Release|Any CPU = Release|Any CPU
	EndGlobalSection
	GlobalSection(ProjectConfigurationPlatforms) = postSolution
		{C4226565-6FD8-4E78-9194-870A03F830F4}.Debug|Any CPU.ActiveCfg = Debug|Any CPU
		{C4226565-6FD8-4E78-9194-870A03F830F4}.Debug|Any CPU.Build.0 = Debug|Any CPU
		{C4226565-6FD8-4E78-9194-870A03F830F4}.Release|Any CPU.ActiveCfg = Release|Any CPU
		{C4226565-6FD8-4E78-9194-870A03F830F4}.Release|Any CPU.Build.0 = Release|Any CPU
		{8027480C-86DC-4629-9E09-5E6C36D8E626}.Debug|Any CPU.ActiveCfg = Debug|Any CPU
		{8027480C-86DC-4629-9E09-5E6C36D8E626}.Debug|Any CPU.Build.0 = Debug|Any CPU
		{8027480C-86DC-4629-9E09-5E6C36D8E626}.Release|Any CPU.ActiveCfg = Release|Any CPU
		{8027480C-86DC-4629-9E09-5E6C36D8E626}.Release|Any CPU.Build.0 = Release|Any CPU
	EndGlobalSection
EndGlobal
